// !$*UTF8*$!
{
	archiveVersion = 1;
	classes = {
	};
	objectVersion = 56;
	objects = {

/* Begin PBXBuildFile section */
		73656D8029E1582F00B739A9 /* E_Commerce_SwiftUIApp.swift in Sources */ = {isa = PBXBuildFile; fileRef = 73656D7F29E1582F00B739A9 /* E_Commerce_SwiftUIApp.swift */; };
		73656D8429E1583000B739A9 /* Assets.xcassets in Resources */ = {isa = PBXBuildFile; fileRef = 73656D8329E1583000B739A9 /* Assets.xcassets */; };
		73656D8729E1583000B739A9 /* Preview Assets.xcassets in Resources */ = {isa = PBXBuildFile; fileRef = 73656D8629E1583000B739A9 /* Preview Assets.xcassets */; };
		EE7051582A56DF2D00399BEE /* MainTabView.swift in Sources */ = {isa = PBXBuildFile; fileRef = EE7051572A56DF2D00399BEE /* MainTabView.swift */; };
		EE70515A2A56E3D000399BEE /* HomeView.swift in Sources */ = {isa = PBXBuildFile; fileRef = EE7051592A56E3D000399BEE /* HomeView.swift */; };
		EE70515D2A56E85A00399BEE /* ProducstTypes.swift in Sources */ = {isa = PBXBuildFile; fileRef = EE70515C2A56E85A00399BEE /* ProducstTypes.swift */; };
		EE70515F2A56EF2C00399BEE /* HomeViewModel.swift in Sources */ = {isa = PBXBuildFile; fileRef = EE70515E2A56EF2C00399BEE /* HomeViewModel.swift */; };
		EE9A3A102A52E71A000143CF /* SplashView.swift in Sources */ = {isa = PBXBuildFile; fileRef = EE9A3A0F2A52E71A000143CF /* SplashView.swift */; };
		EE9A3A122A52ED61000143CF /* LoginView.swift in Sources */ = {isa = PBXBuildFile; fileRef = EE9A3A112A52ED61000143CF /* LoginView.swift */; };
		EE9A3A152A52ED8B000143CF /* LoginViewModel.swift in Sources */ = {isa = PBXBuildFile; fileRef = EE9A3A142A52ED8B000143CF /* LoginViewModel.swift */; };
		EE9A3A182A52EFEE000143CF /* cornerRadius.swift in Sources */ = {isa = PBXBuildFile; fileRef = EE9A3A172A52EFEE000143CF /* cornerRadius.swift */; };
/* End PBXBuildFile section */

/* Begin PBXFileReference section */
		73656D7C29E1582F00B739A9 /* E-Commerce SwiftUI.app */ = {isa = PBXFileReference; explicitFileType = wrapper.application; includeInIndex = 0; path = "E-Commerce SwiftUI.app"; sourceTree = BUILT_PRODUCTS_DIR; };
		73656D7F29E1582F00B739A9 /* E_Commerce_SwiftUIApp.swift */ = {isa = PBXFileReference; lastKnownFileType = sourcecode.swift; path = E_Commerce_SwiftUIApp.swift; sourceTree = "<group>"; };
		73656D8329E1583000B739A9 /* Assets.xcassets */ = {isa = PBXFileReference; lastKnownFileType = folder.assetcatalog; path = Assets.xcassets; sourceTree = "<group>"; };
		73656D8629E1583000B739A9 /* Preview Assets.xcassets */ = {isa = PBXFileReference; lastKnownFileType = folder.assetcatalog; path = "Preview Assets.xcassets"; sourceTree = "<group>"; };
		EE7051572A56DF2D00399BEE /* MainTabView.swift */ = {isa = PBXFileReference; lastKnownFileType = sourcecode.swift; path = MainTabView.swift; sourceTree = "<group>"; };
		EE7051592A56E3D000399BEE /* HomeView.swift */ = {isa = PBXFileReference; lastKnownFileType = sourcecode.swift; path = HomeView.swift; sourceTree = "<group>"; };
		EE70515C2A56E85A00399BEE /* ProducstTypes.swift */ = {isa = PBXFileReference; lastKnownFileType = sourcecode.swift; path = ProducstTypes.swift; sourceTree = "<group>"; };
		EE70515E2A56EF2C00399BEE /* HomeViewModel.swift */ = {isa = PBXFileReference; lastKnownFileType = sourcecode.swift; path = HomeViewModel.swift; sourceTree = "<group>"; };
		EE9A3A0F2A52E71A000143CF /* SplashView.swift */ = {isa = PBXFileReference; lastKnownFileType = sourcecode.swift; path = SplashView.swift; sourceTree = "<group>"; };
		EE9A3A112A52ED61000143CF /* LoginView.swift */ = {isa = PBXFileReference; lastKnownFileType = sourcecode.swift; path = LoginView.swift; sourceTree = "<group>"; };
		EE9A3A142A52ED8B000143CF /* LoginViewModel.swift */ = {isa = PBXFileReference; lastKnownFileType = sourcecode.swift; path = LoginViewModel.swift; sourceTree = "<group>"; };
		EE9A3A172A52EFEE000143CF /* cornerRadius.swift */ = {isa = PBXFileReference; lastKnownFileType = sourcecode.swift; path = cornerRadius.swift; sourceTree = "<group>"; };
/* End PBXFileReference section */

/* Begin PBXFrameworksBuildPhase section */
		73656D7929E1582F00B739A9 /* Frameworks */ = {
			isa = PBXFrameworksBuildPhase;
			buildActionMask = 2147483647;
			files = (
			);
			runOnlyForDeploymentPostprocessing = 0;
		};
/* End PBXFrameworksBuildPhase section */

/* Begin PBXGroup section */
		73656D7329E1582F00B739A9 = {
			isa = PBXGroup;
			children = (
				73656D7E29E1582F00B739A9 /* E-Commerce SwiftUI */,
				73656D7D29E1582F00B739A9 /* Products */,
			);
			sourceTree = "<group>";
		};
		73656D7D29E1582F00B739A9 /* Products */ = {
			isa = PBXGroup;
			children = (
				73656D7C29E1582F00B739A9 /* E-Commerce SwiftUI.app */,
			);
			name = Products;
			sourceTree = "<group>";
		};
		73656D7E29E1582F00B739A9 /* E-Commerce SwiftUI */ = {
			isa = PBXGroup;
			children = (
				EE9A3A162A52EFD4000143CF /* Extensions */,
				EE70515B2A56E84200399BEE /* Model */,
				EE9A3A0D2A52E6FA000143CF /* View */,
				EE9A3A132A52ED68000143CF /* ViewModel */,
				73656D7F29E1582F00B739A9 /* E_Commerce_SwiftUIApp.swift */,
				73656D8329E1583000B739A9 /* Assets.xcassets */,
				73656D8529E1583000B739A9 /* Preview Content */,
			);
			path = "E-Commerce SwiftUI";
			sourceTree = "<group>";
		};
		73656D8529E1583000B739A9 /* Preview Content */ = {
			isa = PBXGroup;
			children = (
				73656D8629E1583000B739A9 /* Preview Assets.xcassets */,
			);
			path = "Preview Content";
			sourceTree = "<group>";
		};
		EE7051562A56DF1400399BEE /* TabView */ = {
			isa = PBXGroup;
			children = (
				EE7051572A56DF2D00399BEE /* MainTabView.swift */,
				EE7051592A56E3D000399BEE /* HomeView.swift */,
			);
			path = TabView;
			sourceTree = "<group>";
		};
		EE70515B2A56E84200399BEE /* Model */ = {
			isa = PBXGroup;
			children = (
				EE70515C2A56E85A00399BEE /* ProducstTypes.swift */,
			);
			path = Model;
			sourceTree = "<group>";
		};
		EE9A3A0D2A52E6FA000143CF /* View */ = {
			isa = PBXGroup;
			children = (
				EE9A3A0E2A52E6FF000143CF /* Onboarding */,
				EE7051562A56DF1400399BEE /* TabView */,
			);
			path = View;
			sourceTree = "<group>";
		};
		EE9A3A0E2A52E6FF000143CF /* Onboarding */ = {
			isa = PBXGroup;
			children = (
				EE9A3A0F2A52E71A000143CF /* SplashView.swift */,
				EE9A3A112A52ED61000143CF /* LoginView.swift */,
			);
			path = Onboarding;
			sourceTree = "<group>";
		};
		EE9A3A132A52ED68000143CF /* ViewModel */ = {
			isa = PBXGroup;
			children = (
				EE9A3A142A52ED8B000143CF /* LoginViewModel.swift */,
				EE70515E2A56EF2C00399BEE /* HomeViewModel.swift */,
			);
			path = ViewModel;
			sourceTree = "<group>";
		};
		EE9A3A162A52EFD4000143CF /* Extensions */ = {
			isa = PBXGroup;
			children = (
				EE9A3A172A52EFEE000143CF /* cornerRadius.swift */,
			);
			path = Extensions;
			sourceTree = "<group>";
		};
/* End PBXGroup section */

/* Begin PBXNativeTarget section */
		73656D7B29E1582F00B739A9 /* E-Commerce SwiftUI */ = {
			isa = PBXNativeTarget;
			buildConfigurationList = 73656D8A29E1583000B739A9 /* Build configuration list for PBXNativeTarget "E-Commerce SwiftUI" */;
			buildPhases = (
				73656D7829E1582F00B739A9 /* Sources */,
				73656D7929E1582F00B739A9 /* Frameworks */,
				73656D7A29E1582F00B739A9 /* Resources */,
			);
			buildRules = (
			);
			dependencies = (
			);
			name = "E-Commerce SwiftUI";
			productName = "E-Commerce SwiftUI";
			productReference = 73656D7C29E1582F00B739A9 /* E-Commerce SwiftUI.app */;
			productType = "com.apple.product-type.application";
		};
/* End PBXNativeTarget section */

/* Begin PBXProject section */
		73656D7429E1582F00B739A9 /* Project object */ = {
			isa = PBXProject;
			attributes = {
				BuildIndependentTargetsInParallel = 1;
				LastSwiftUpdateCheck = 1400;
				LastUpgradeCheck = 1400;
				TargetAttributes = {
					73656D7B29E1582F00B739A9 = {
						CreatedOnToolsVersion = 14.0.1;
					};
				};
			};
			buildConfigurationList = 73656D7729E1582F00B739A9 /* Build configuration list for PBXProject "E-Commerce SwiftUI" */;
			compatibilityVersion = "Xcode 14.0";
			developmentRegion = en;
			hasScannedForEncodings = 0;
			knownRegions = (
				en,
				Base,
			);
			mainGroup = 73656D7329E1582F00B739A9;
			productRefGroup = 73656D7D29E1582F00B739A9 /* Products */;
			projectDirPath = "";
			projectRoot = "";
			targets = (
				73656D7B29E1582F00B739A9 /* E-Commerce SwiftUI */,
			);
		};
/* End PBXProject section */

/* Begin PBXResourcesBuildPhase section */
		73656D7A29E1582F00B739A9 /* Resources */ = {
			isa = PBXResourcesBuildPhase;
			buildActionMask = 2147483647;
			files = (
				73656D8729E1583000B739A9 /* Preview Assets.xcassets in Resources */,
				73656D8429E1583000B739A9 /* Assets.xcassets in Resources */,
			);
			runOnlyForDeploymentPostprocessing = 0;
		};
/* End PBXResourcesBuildPhase section */

/* Begin PBXSourcesBuildPhase section */
		73656D7829E1582F00B739A9 /* Sources */ = {
			isa = PBXSourcesBuildPhase;
			buildActionMask = 2147483647;
			files = (
				EE9A3A102A52E71A000143CF /* SplashView.swift in Sources */,
				EE70515F2A56EF2C00399BEE /* HomeViewModel.swift in Sources */,
				EE70515A2A56E3D000399BEE /* HomeView.swift in Sources */,
				EE9A3A182A52EFEE000143CF /* cornerRadius.swift in Sources */,
				EE70515D2A56E85A00399BEE /* ProducstTypes.swift in Sources */,
				EE9A3A122A52ED61000143CF /* LoginView.swift in Sources */,
				EE9A3A152A52ED8B000143CF /* LoginViewModel.swift in Sources */,
				73656D8029E1582F00B739A9 /* E_Commerce_SwiftUIApp.swift in Sources */,
				EE7051582A56DF2D00399BEE /* MainTabView.swift in Sources */,
			);
			runOnlyForDeploymentPostprocessing = 0;
		};
/* End PBXSourcesBuildPhase section */

/* Begin XCBuildConfiguration section */
		73656D8829E1583000B739A9 /* Debug */ = {
			isa = XCBuildConfiguration;
			buildSettings = {
				ALWAYS_SEARCH_USER_PATHS = NO;
				CLANG_ANALYZER_NONNULL = YES;
				CLANG_ANALYZER_NUMBER_OBJECT_CONVERSION = YES_AGGRESSIVE;
				CLANG_CXX_LANGUAGE_STANDARD = "gnu++20";
				CLANG_ENABLE_MODULES = YES;
				CLANG_ENABLE_OBJC_ARC = YES;
				CLANG_ENABLE_OBJC_WEAK = YES;
				CLANG_WARN_BLOCK_CAPTURE_AUTORELEASING = YES;
				CLANG_WARN_BOOL_CONVERSION = YES;
				CLANG_WARN_COMMA = YES;
				CLANG_WARN_CONSTANT_CONVERSION = YES;
				CLANG_WARN_DEPRECATED_OBJC_IMPLEMENTATIONS = YES;
				CLANG_WARN_DIRECT_OBJC_ISA_USAGE = YES_ERROR;
				CLANG_WARN_DOCUMENTATION_COMMENTS = YES;
				CLANG_WARN_EMPTY_BODY = YES;
				CLANG_WARN_ENUM_CONVERSION = YES;
				CLANG_WARN_INFINITE_RECURSION = YES;
				CLANG_WARN_INT_CONVERSION = YES;
				CLANG_WARN_NON_LITERAL_NULL_CONVERSION = YES;
				CLANG_WARN_OBJC_IMPLICIT_RETAIN_SELF = YES;
				CLANG_WARN_OBJC_LITERAL_CONVERSION = YES;
				CLANG_WARN_OBJC_ROOT_CLASS = YES_ERROR;
				CLANG_WARN_QUOTED_INCLUDE_IN_FRAMEWORK_HEADER = YES;
				CLANG_WARN_RANGE_LOOP_ANALYSIS = YES;
				CLANG_WARN_STRICT_PROTOTYPES = YES;
				CLANG_WARN_SUSPICIOUS_MOVE = YES;
				CLANG_WARN_UNGUARDED_AVAILABILITY = YES_AGGRESSIVE;
				CLANG_WARN_UNREACHABLE_CODE = YES;
				CLANG_WARN__DUPLICATE_METHOD_MATCH = YES;
				COPY_PHASE_STRIP = NO;
				DEBUG_INFORMATION_FORMAT = dwarf;
				ENABLE_STRICT_OBJC_MSGSEND = YES;
				ENABLE_TESTABILITY = YES;
				GCC_C_LANGUAGE_STANDARD = gnu11;
				GCC_DYNAMIC_NO_PIC = NO;
				GCC_NO_COMMON_BLOCKS = YES;
				GCC_OPTIMIZATION_LEVEL = 0;
				GCC_PREPROCESSOR_DEFINITIONS = (
					"DEBUG=1",
					"$(inherited)",
				);
				GCC_WARN_64_TO_32_BIT_CONVERSION = YES;
				GCC_WARN_ABOUT_RETURN_TYPE = YES_ERROR;
				GCC_WARN_UNDECLARED_SELECTOR = YES;
				GCC_WARN_UNINITIALIZED_AUTOS = YES_AGGRESSIVE;
				GCC_WARN_UNUSED_FUNCTION = YES;
				GCC_WARN_UNUSED_VARIABLE = YES;
				IPHONEOS_DEPLOYMENT_TARGET = 16.0;
				MTL_ENABLE_DEBUG_INFO = INCLUDE_SOURCE;
				MTL_FAST_MATH = YES;
				ONLY_ACTIVE_ARCH = YES;
				SDKROOT = iphoneos;
				SWIFT_ACTIVE_COMPILATION_CONDITIONS = DEBUG;
				SWIFT_OPTIMIZATION_LEVEL = "-Onone";
			};
			name = Debug;
		};
		73656D8929E1583000B739A9 /* Release */ = {
			isa = XCBuildConfiguration;
			buildSettings = {
				ALWAYS_SEARCH_USER_PATHS = NO;
				CLANG_ANALYZER_NONNULL = YES;
				CLANG_ANALYZER_NUMBER_OBJECT_CONVERSION = YES_AGGRESSIVE;
				CLANG_CXX_LANGUAGE_STANDARD = "gnu++20";
				CLANG_ENABLE_MODULES = YES;
				CLANG_ENABLE_OBJC_ARC = YES;
				CLANG_ENABLE_OBJC_WEAK = YES;
				CLANG_WARN_BLOCK_CAPTURE_AUTORELEASING = YES;
				CLANG_WARN_BOOL_CONVERSION = YES;
				CLANG_WARN_COMMA = YES;
				CLANG_WARN_CONSTANT_CONVERSION = YES;
				CLANG_WARN_DEPRECATED_OBJC_IMPLEMENTATIONS = YES;
				CLANG_WARN_DIRECT_OBJC_ISA_USAGE = YES_ERROR;
				CLANG_WARN_DOCUMENTATION_COMMENTS = YES;
				CLANG_WARN_EMPTY_BODY = YES;
				CLANG_WARN_ENUM_CONVERSION = YES;
				CLANG_WARN_INFINITE_RECURSION = YES;
				CLANG_WARN_INT_CONVERSION = YES;
				CLANG_WARN_NON_LITERAL_NULL_CONVERSION = YES;
				CLANG_WARN_OBJC_IMPLICIT_RETAIN_SELF = YES;
				CLANG_WARN_OBJC_LITERAL_CONVERSION = YES;
				CLANG_WARN_OBJC_ROOT_CLASS = YES_ERROR;
				CLANG_WARN_QUOTED_INCLUDE_IN_FRAMEWORK_HEADER = YES;
				CLANG_WARN_RANGE_LOOP_ANALYSIS = YES;
				CLANG_WARN_STRICT_PROTOTYPES = YES;
				CLANG_WARN_SUSPICIOUS_MOVE = YES;
				CLANG_WARN_UNGUARDED_AVAILABILITY = YES_AGGRESSIVE;
				CLANG_WARN_UNREACHABLE_CODE = YES;
				CLANG_WARN__DUPLICATE_METHOD_MATCH = YES;
				COPY_PHASE_STRIP = NO;
				DEBUG_INFORMATION_FORMAT = "dwarf-with-dsym";
				ENABLE_NS_ASSERTIONS = NO;
				ENABLE_STRICT_OBJC_MSGSEND = YES;
				GCC_C_LANGUAGE_STANDARD = gnu11;
				GCC_NO_COMMON_BLOCKS = YES;
				GCC_WARN_64_TO_32_BIT_CONVERSION = YES;
				GCC_WARN_ABOUT_RETURN_TYPE = YES_ERROR;
				GCC_WARN_UNDECLARED_SELECTOR = YES;
				GCC_WARN_UNINITIALIZED_AUTOS = YES_AGGRESSIVE;
				GCC_WARN_UNUSED_FUNCTION = YES;
				GCC_WARN_UNUSED_VARIABLE = YES;
				IPHONEOS_DEPLOYMENT_TARGET = 16.0;
				MTL_ENABLE_DEBUG_INFO = NO;
				MTL_FAST_MATH = YES;
				SDKROOT = iphoneos;
				SWIFT_COMPILATION_MODE = wholemodule;
				SWIFT_OPTIMIZATION_LEVEL = "-O";
				VALIDATE_PRODUCT = YES;
			};
			name = Release;
		};
		73656D8B29E1583000B739A9 /* Debug */ = {
			isa = XCBuildConfiguration;
			buildSettings = {
				ASSETCATALOG_COMPILER_APPICON_NAME = AppIcon;
				ASSETCATALOG_COMPILER_GLOBAL_ACCENT_COLOR_NAME = AccentColor;
				CODE_SIGN_STYLE = Automatic;
				CURRENT_PROJECT_VERSION = 1;
				DEVELOPMENT_ASSET_PATHS = "\"E-Commerce SwiftUI/Preview Content\"";
				DEVELOPMENT_TEAM = 4U8DMJ33ZN;
				ENABLE_PREVIEWS = YES;
				GENERATE_INFOPLIST_FILE = YES;
				INFOPLIST_KEY_UIApplicationSceneManifest_Generation = YES;
				INFOPLIST_KEY_UIApplicationSupportsIndirectInputEvents = YES;
				INFOPLIST_KEY_UILaunchScreen_Generation = YES;
				INFOPLIST_KEY_UISupportedInterfaceOrientations_iPad = "UIInterfaceOrientationPortrait UIInterfaceOrientationPortraitUpsideDown UIInterfaceOrientationLandscapeLeft UIInterfaceOrientationLandscapeRight";
				INFOPLIST_KEY_UISupportedInterfaceOrientations_iPhone = "UIInterfaceOrientationPortrait UIInterfaceOrientationLandscapeLeft UIInterfaceOrientationLandscapeRight";
				LD_RUNPATH_SEARCH_PATHS = (
					"$(inherited)",
					"@executable_path/Frameworks",
				);
				MARKETING_VERSION = 1.0;
				PRODUCT_BUNDLE_IDENTIFIER = "com.yamany.E-Commerce-SwiftUI";
				PRODUCT_NAME = "$(TARGET_NAME)";
				SWIFT_EMIT_LOC_STRINGS = YES;
				SWIFT_VERSION = 5.0;
				TARGETED_DEVICE_FAMILY = "1,2";
			};
			name = Debug;
		};
		73656D8C29E1583000B739A9 /* Release */ = {
			isa = XCBuildConfiguration;
			buildSettings = {
				ASSETCATALOG_COMPILER_APPICON_NAME = AppIcon;
				ASSETCATALOG_COMPILER_GLOBAL_ACCENT_COLOR_NAME = AccentColor;
				CODE_SIGN_STYLE = Automatic;
				CURRENT_PROJECT_VERSION = 1;
				DEVELOPMENT_ASSET_PATHS = "\"E-Commerce SwiftUI/Preview Content\"";
				DEVELOPMENT_TEAM = 4U8DMJ33ZN;
				ENABLE_PREVIEWS = YES;
				GENERATE_INFOPLIST_FILE = YES;
				INFOPLIST_KEY_UIApplicationSceneManifest_Generation = YES;
				INFOPLIST_KEY_UIApplicationSupportsIndirectInputEvents = YES;
				INFOPLIST_KEY_UILaunchScreen_Generation = YES;
				INFOPLIST_KEY_UISupportedInterfaceOrientations_iPad = "UIInterfaceOrientationPortrait UIInterfaceOrientationPortraitUpsideDown UIInterfaceOrientationLandscapeLeft UIInterfaceOrientationLandscapeRight";
				INFOPLIST_KEY_UISupportedInterfaceOrientations_iPhone = "UIInterfaceOrientationPortrait UIInterfaceOrientationLandscapeLeft UIInterfaceOrientationLandscapeRight";
				LD_RUNPATH_SEARCH_PATHS = (
					"$(inherited)",
					"@executable_path/Frameworks",
				);
				MARKETING_VERSION = 1.0;
				PRODUCT_BUNDLE_IDENTIFIER = "com.yamany.E-Commerce-SwiftUI";
				PRODUCT_NAME = "$(TARGET_NAME)";
				SWIFT_EMIT_LOC_STRINGS = YES;
				SWIFT_VERSION = 5.0;
				TARGETED_DEVICE_FAMILY = "1,2";
			};
			name = Release;
		};
/* End XCBuildConfiguration section */

/* Begin XCConfigurationList section */
		73656D7729E1582F00B739A9 /* Build configuration list for PBXProject "E-Commerce SwiftUI" */ = {
			isa = XCConfigurationList;
			buildConfigurations = (
				73656D8829E1583000B739A9 /* Debug */,
				73656D8929E1583000B739A9 /* Release */,
			);
			defaultConfigurationIsVisible = 0;
			defaultConfigurationName = Release;
		};
		73656D8A29E1583000B739A9 /* Build configuration list for PBXNativeTarget "E-Commerce SwiftUI" */ = {
			isa = XCConfigurationList;
			buildConfigurations = (
				73656D8B29E1583000B739A9 /* Debug */,
				73656D8C29E1583000B739A9 /* Release */,
			);
			defaultConfigurationIsVisible = 0;
			defaultConfigurationName = Release;
		};
/* End XCConfigurationList section */
	};
	rootObject = 73656D7429E1582F00B739A9 /* Project object */;
}
